// !$*UTF8*$!
{
	archiveVersion = 1;
	classes = {
	};
	objectVersion = 46;
	objects = {

/* Begin PBXBuildFile section */
		A33FFAF7192624A300E325E0 /* nom_msg.xml in Sources */ = {isa = PBXBuildFile; fileRef = A33FFAF5192620CD00E325E0 /* nom_msg.xml */; };
		A33FFAFD192631E300E325E0 /* main.c in Sources */ = {isa = PBXBuildFile; fileRef = A33FFAFC192631E300E325E0 /* main.c */; };
		A33FFB0319264C1F00E325E0 /* nom_server.c in Sources */ = {isa = PBXBuildFile; fileRef = A33FFAFF1926330D00E325E0 /* nom_server.c */; };
/* End PBXBuildFile section */

/* Begin PBXBuildRule section */
		A33FFAF61926246200E325E0 /* PBXBuildRule */ = {
			isa = PBXBuildRule;
			compilerSpec = com.apple.compilers.proxy.script;
			filePatterns = "*.xml";
			fileType = pattern.proxy;
			isEditable = 1;
			outputFiles = (
				"$(INPUT_FILE_DIR)/$(INPUT_FILE_BASE).c",
			);
			script = "\n\nerrors=`/usr/local/bin/gsl -q -a ${INPUT_FILE_PATH} ${SCRIPT_OUTPUT_FILE_0} 2>&1 | sed -E -n 's#[0-9]+/[0-9]+/[0-9]+[ ][0-9]+:[0-9]+:[0-9]+:[ ]\\(*([^g][^s][^l].*)[ ]+([0-9]+):*\\)*(.*)#'${INPUT_FILE_DIR}'/\\1:\\2: \\3#p'`\nif [ \"$errors\" ]; then\necho \"$errors\"\nexit 1\nfi\n\n";
		};
/* End PBXBuildRule section */

/* Begin PBXCopyFilesBuildPhase section */
		A33FFAE519261C1E00E325E0 /* CopyFiles */ = {
			isa = PBXCopyFilesBuildPhase;
			buildActionMask = 2147483647;
			dstPath = /usr/share/man/man1/;
			dstSubfolderSpec = 0;
			files = (
			);
			runOnlyForDeploymentPostprocessing = 1;
		};
/* End PBXCopyFilesBuildPhase section */

/* Begin PBXFileReference section */
		A33FFAE719261C1E00E325E0 /* zproto-nom */ = {isa = PBXFileReference; explicitFileType = "compiled.mach-o.executable"; includeInIndex = 0; path = "zproto-nom"; sourceTree = BUILT_PRODUCTS_DIR; };
		A33FFAF5192620CD00E325E0 /* nom_msg.xml */ = {isa = PBXFileReference; fileEncoding = 4; lastKnownFileType = text.xml; path = nom_msg.xml; sourceTree = "<group>"; };
		A33FFAF81926252600E325E0 /* nom_msg.c */ = {isa = PBXFileReference; fileEncoding = 4; lastKnownFileType = sourcecode.c.c; path = nom_msg.c; sourceTree = "<group>"; };
		A33FFAFA1926252C00E325E0 /* nom_msg.h */ = {isa = PBXFileReference; fileEncoding = 4; lastKnownFileType = sourcecode.c.h; path = nom_msg.h; sourceTree = "<group>"; };
		A33FFAFB1926310E00E325E0 /* nom_server.xml */ = {isa = PBXFileReference; fileEncoding = 4; lastKnownFileType = text.xml; path = nom_server.xml; sourceTree = "<group>"; };
		A33FFAFC192631E300E325E0 /* main.c */ = {isa = PBXFileReference; fileEncoding = 4; lastKnownFileType = sourcecode.c.c; path = main.c; sourceTree = "<group>"; };
		A33FFAFE1926330600E325E0 /* nom_server.h */ = {isa = PBXFileReference; fileEncoding = 4; lastKnownFileType = sourcecode.c.h; path = nom_server.h; sourceTree = "<group>"; };
		A33FFAFF1926330D00E325E0 /* nom_server.c */ = {isa = PBXFileReference; fileEncoding = 4; lastKnownFileType = sourcecode.c.c; path = nom_server.c; sourceTree = "<group>"; };
		A33FFB011926375300E325E0 /* nom_server_engine.h */ = {isa = PBXFileReference; fileEncoding = 4; lastKnownFileType = sourcecode.c.h; path = nom_server_engine.h; sourceTree = "<group>"; };
		A35B7E1C1928C58B00B4266A /* nom_msg.bnf */ = {isa = PBXFileReference; fileEncoding = 4; lastKnownFileType = text; path = nom_msg.bnf; sourceTree = "<group>"; };
/* End PBXFileReference section */

/* Begin PBXFrameworksBuildPhase section */
		A33FFAE419261C1E00E325E0 /* Frameworks */ = {
			isa = PBXFrameworksBuildPhase;
			buildActionMask = 2147483647;
			files = (
			);
			runOnlyForDeploymentPostprocessing = 0;
		};
/* End PBXFrameworksBuildPhase section */

/* Begin PBXGroup section */
		A33FFADE19261C1E00E325E0 = {
			isa = PBXGroup;
			children = (
				A33FFAF4192620AC00E325E0 /* include */,
				A33FFAF31926209600E325E0 /* src */,
				A33FFAE819261C1E00E325E0 /* Products */,
			);
			sourceTree = "<group>";
		};
		A33FFAE819261C1E00E325E0 /* Products */ = {
			isa = PBXGroup;
			children = (
				A33FFAE719261C1E00E325E0 /* zproto-nom */,
			);
			name = Products;
			sourceTree = "<group>";
		};
		A33FFAF31926209600E325E0 /* src */ = {
			isa = PBXGroup;
			children = (
				A35B7E1C1928C58B00B4266A /* nom_msg.bnf */,
				A33FFB011926375300E325E0 /* nom_server_engine.h */,
				A33FFAFF1926330D00E325E0 /* nom_server.c */,
				A33FFAF81926252600E325E0 /* nom_msg.c */,
				A33FFAF5192620CD00E325E0 /* nom_msg.xml */,
				A33FFAFB1926310E00E325E0 /* nom_server.xml */,
				A33FFAFC192631E300E325E0 /* main.c */,
			);
			path = src;
			sourceTree = "<group>";
		};
		A33FFAF4192620AC00E325E0 /* include */ = {
			isa = PBXGroup;
			children = (
				A33FFAFE1926330600E325E0 /* nom_server.h */,
				A33FFAFA1926252C00E325E0 /* nom_msg.h */,
			);
			path = include;
			sourceTree = "<group>";
		};
/* End PBXGroup section */

/* Begin PBXNativeTarget section */
		A33FFAE619261C1E00E325E0 /* zproto-nom */ = {
			isa = PBXNativeTarget;
			buildConfigurationList = A33FFAF019261C1E00E325E0 /* Build configuration list for PBXNativeTarget "zproto-nom" */;
			buildPhases = (
				A33FFAE319261C1E00E325E0 /* Sources */,
				A33FFAE419261C1E00E325E0 /* Frameworks */,
				A33FFAE519261C1E00E325E0 /* CopyFiles */,
			);
			buildRules = (
				A33FFAF61926246200E325E0 /* PBXBuildRule */,
			);
			dependencies = (
			);
			name = "zproto-nom";
			productName = "zproto-nom";
			productReference = A33FFAE719261C1E00E325E0 /* zproto-nom */;
			productType = "com.apple.product-type.tool";
		};
/* End PBXNativeTarget section */

/* Begin PBXProject section */
		A33FFADF19261C1E00E325E0 /* Project object */ = {
			isa = PBXProject;
			attributes = {
				LastUpgradeCheck = 0510;
				ORGANIZATIONNAME = "Replicated Solutions Limited";
			};
			buildConfigurationList = A33FFAE219261C1E00E325E0 /* Build configuration list for PBXProject "zproto-nom" */;
			compatibilityVersion = "Xcode 3.2";
			developmentRegion = English;
			hasScannedForEncodings = 0;
			knownRegions = (
				en,
			);
			mainGroup = A33FFADE19261C1E00E325E0;
			productRefGroup = A33FFAE819261C1E00E325E0 /* Products */;
			projectDirPath = "";
			projectRoot = "";
			targets = (
				A33FFAE619261C1E00E325E0 /* zproto-nom */,
			);
		};
/* End PBXProject section */

/* Begin PBXSourcesBuildPhase section */
		A33FFAE319261C1E00E325E0 /* Sources */ = {
			isa = PBXSourcesBuildPhase;
			buildActionMask = 2147483647;
			files = (
				A33FFB0319264C1F00E325E0 /* nom_server.c in Sources */,
				A33FFAF7192624A300E325E0 /* nom_msg.xml in Sources */,
				A33FFAFD192631E300E325E0 /* main.c in Sources */,
			);
			runOnlyForDeploymentPostprocessing = 0;
		};
/* End PBXSourcesBuildPhase section */

/* Begin XCBuildConfiguration section */
		A33FFAEE19261C1E00E325E0 /* Debug */ = {
			isa = XCBuildConfiguration;
			buildSettings = {
				ALWAYS_SEARCH_USER_PATHS = NO;
				CLANG_CXX_LANGUAGE_STANDARD = "gnu++0x";
				CLANG_CXX_LIBRARY = "libc++";
				CLANG_ENABLE_MODULES = YES;
				CLANG_ENABLE_OBJC_ARC = YES;
				CLANG_WARN_BOOL_CONVERSION = YES;
				CLANG_WARN_CONSTANT_CONVERSION = YES;
				CLANG_WARN_DIRECT_OBJC_ISA_USAGE = YES_ERROR;
				CLANG_WARN_EMPTY_BODY = YES;
				CLANG_WARN_ENUM_CONVERSION = YES;
				CLANG_WARN_INT_CONVERSION = YES;
				CLANG_WARN_OBJC_ROOT_CLASS = YES_ERROR;
				CLANG_WARN__DUPLICATE_METHOD_MATCH = YES;
				COPY_PHASE_STRIP = NO;
				GCC_C_LANGUAGE_STANDARD = gnu99;
				GCC_DYNAMIC_NO_PIC = NO;
				GCC_ENABLE_OBJC_EXCEPTIONS = YES;
				GCC_OPTIMIZATION_LEVEL = 0;
				GCC_PREPROCESSOR_DEFINITIONS = (
					"DEBUG=1",
					"$(inherited)",
				);
				GCC_SYMBOLS_PRIVATE_EXTERN = NO;
				GCC_WARN_64_TO_32_BIT_CONVERSION = YES;
				GCC_WARN_ABOUT_RETURN_TYPE = YES_ERROR;
				GCC_WARN_UNDECLARED_SELECTOR = YES;
				GCC_WARN_UNINITIALIZED_AUTOS = YES_AGGRESSIVE;
				GCC_WARN_UNUSED_FUNCTION = YES;
				GCC_WARN_UNUSED_VARIABLE = YES;
				HEADER_SEARCH_PATHS = (
					"$(inherited)",
					/Applications/Xcode.app/Contents/Developer/Toolchains/XcodeDefault.xctoolchain/usr/include,
					../czmq/include,
					../libzmq/include,
				);
				LIBRARY_SEARCH_PATHS = /usr/local/lib;
				MACOSX_DEPLOYMENT_TARGET = 10.9;
				ONLY_ACTIVE_ARCH = YES;
				OTHER_LDFLAGS = (
					"-lczmq",
					"-lzmq",
				);
				SDKROOT = macosx;
			};
			name = Debug;
		};
		A33FFAEF19261C1E00E325E0 /* Release */ = {
			isa = XCBuildConfiguration;
			buildSettings = {
				ALWAYS_SEARCH_USER_PATHS = NO;
				CLANG_CXX_LANGUAGE_STANDARD = "gnu++0x";
				CLANG_CXX_LIBRARY = "libc++";
				CLANG_ENABLE_MODULES = YES;
				CLANG_ENABLE_OBJC_ARC = YES;
				CLANG_WARN_BOOL_CONVERSION = YES;
				CLANG_WARN_CONSTANT_CONVERSION = YES;
				CLANG_WARN_DIRECT_OBJC_ISA_USAGE = YES_ERROR;
				CLANG_WARN_EMPTY_BODY = YES;
				CLANG_WARN_ENUM_CONVERSION = YES;
				CLANG_WARN_INT_CONVERSION = YES;
				CLANG_WARN_OBJC_ROOT_CLASS = YES_ERROR;
				CLANG_WARN__DUPLICATE_METHOD_MATCH = YES;
				COPY_PHASE_STRIP = YES;
				DEBUG_INFORMATION_FORMAT = "dwarf-with-dsym";
				ENABLE_NS_ASSERTIONS = NO;
				GCC_C_LANGUAGE_STANDARD = gnu99;
				GCC_ENABLE_OBJC_EXCEPTIONS = YES;
				GCC_WARN_64_TO_32_BIT_CONVERSION = YES;
				GCC_WARN_ABOUT_RETURN_TYPE = YES_ERROR;
				GCC_WARN_UNDECLARED_SELECTOR = YES;
				GCC_WARN_UNINITIALIZED_AUTOS = YES_AGGRESSIVE;
				GCC_WARN_UNUSED_FUNCTION = YES;
				GCC_WARN_UNUSED_VARIABLE = YES;
				HEADER_SEARCH_PATHS = (
					"$(inherited)",
					/Applications/Xcode.app/Contents/Developer/Toolchains/XcodeDefault.xctoolchain/usr/include,
					../czmq/include,
					../libzmq/include,
				);
				LIBRARY_SEARCH_PATHS = /usr/local/lib;
				MACOSX_DEPLOYMENT_TARGET = 10.9;
				OTHER_LDFLAGS = (
					"-lczmq",
					"-lzmq",
				);
				SDKROOT = macosx;
			};
			name = Release;
		};
		A33FFAF119261C1E00E325E0 /* Debug */ = {
			isa = XCBuildConfiguration;
			buildSettings = {
				PRODUCT_NAME = "$(TARGET_NAME)";
			};
			name = Debug;
		};
		A33FFAF219261C1E00E325E0 /* Release */ = {
			isa = XCBuildConfiguration;
			buildSettings = {
				PRODUCT_NAME = "$(TARGET_NAME)";
			};
			name = Release;
		};
/* End XCBuildConfiguration section */

/* Begin XCConfigurationList section */
		A33FFAE219261C1E00E325E0 /* Build configuration list for PBXProject "zproto-nom" */ = {
			isa = XCConfigurationList;
			buildConfigurations = (
				A33FFAEE19261C1E00E325E0 /* Debug */,
				A33FFAEF19261C1E00E325E0 /* Release */,
			);
			defaultConfigurationIsVisible = 0;
			defaultConfigurationName = Release;
		};
		A33FFAF019261C1E00E325E0 /* Build configuration list for PBXNativeTarget "zproto-nom" */ = {
			isa = XCConfigurationList;
			buildConfigurations = (
				A33FFAF119261C1E00E325E0 /* Debug */,
				A33FFAF219261C1E00E325E0 /* Release */,
			);
			defaultConfigurationIsVisible = 0;
			defaultConfigurationName = Release;
		};
/* End XCConfigurationList section */
	};
	rootObject = A33FFADF19261C1E00E325E0 /* Project object */;
}
