// !$*UTF8*$!
{
	archiveVersion = 1;
	classes = {
	};
	objectVersion = 46;
	objects = {

/* Begin PBXBuildFile section */
		A369C5D618F40AE50000CF09 /* main.cpp in Sources */ = {isa = PBXBuildFile; fileRef = A369C5D518F40AE50000CF09 /* main.cpp */; };
		A369C5D918F40B7F0000CF09 /* ATM.cpp in Sources */ = {isa = PBXBuildFile; fileRef = A369C5D718F40B7F0000CF09 /* ATM.cpp */; };
		A3B1F98C18FEFCCE00DA0C90 /* Messaging.cpp in Sources */ = {isa = PBXBuildFile; fileRef = A3B1F98A18FEFCCE00DA0C90 /* Messaging.cpp */; };
		A3B1F98F18FEFD0700DA0C90 /* Context.cpp in Sources */ = {isa = PBXBuildFile; fileRef = A3B1F98D18FEFD0700DA0C90 /* Context.cpp */; };
		A3B1F99218FEFD3600DA0C90 /* Exception.cpp in Sources */ = {isa = PBXBuildFile; fileRef = A3B1F99018FEFD3600DA0C90 /* Exception.cpp */; };
		A3B1F99518FEFDA100DA0C90 /* Message.cpp in Sources */ = {isa = PBXBuildFile; fileRef = A3B1F99318FEFDA100DA0C90 /* Message.cpp */; };
		A3B1F99818FEFDEA00DA0C90 /* Socket.cpp in Sources */ = {isa = PBXBuildFile; fileRef = A3B1F99618FEFDEA00DA0C90 /* Socket.cpp */; };
		A3B1F99B18FEFEAF00DA0C90 /* ISerialisable.cpp in Sources */ = {isa = PBXBuildFile; fileRef = A3B1F99918FEFEAF00DA0C90 /* ISerialisable.cpp */; };
		A3B1F99E18FF00E500DA0C90 /* MessageIterator.cpp in Sources */ = {isa = PBXBuildFile; fileRef = A3B1F99C18FF00E500DA0C90 /* MessageIterator.cpp */; };
		A3B1F9A118FF018500DA0C90 /* Dispatcher.cpp in Sources */ = {isa = PBXBuildFile; fileRef = A3B1F99F18FF018500DA0C90 /* Dispatcher.cpp */; };
		A3B1F9A418FF01CE00DA0C90 /* NilFactory.cpp in Sources */ = {isa = PBXBuildFile; fileRef = A3B1F9A218FF01CE00DA0C90 /* NilFactory.cpp */; };
		A3B1F9A718FF024F00DA0C90 /* WithdrawlRequest.cpp in Sources */ = {isa = PBXBuildFile; fileRef = A3B1F9A518FF024F00DA0C90 /* WithdrawlRequest.cpp */; };
/* End PBXBuildFile section */

/* Begin PBXCopyFilesBuildPhase section */
		A369C5C618F40A7F0000CF09 /* CopyFiles */ = {
			isa = PBXCopyFilesBuildPhase;
			buildActionMask = 2147483647;
			dstPath = /usr/share/man/man1/;
			dstSubfolderSpec = 0;
			files = (
			);
			runOnlyForDeploymentPostprocessing = 1;
		};
/* End PBXCopyFilesBuildPhase section */

/* Begin PBXFileReference section */
		A369C5C818F40A7F0000CF09 /* ATM */ = {isa = PBXFileReference; explicitFileType = "compiled.mach-o.executable"; includeInIndex = 0; path = ATM; sourceTree = BUILT_PRODUCTS_DIR; };
		A369C5D518F40AE50000CF09 /* main.cpp */ = {isa = PBXFileReference; fileEncoding = 4; lastKnownFileType = sourcecode.cpp.cpp; path = main.cpp; sourceTree = "<group>"; };
		A369C5D718F40B7F0000CF09 /* ATM.cpp */ = {isa = PBXFileReference; fileEncoding = 4; lastKnownFileType = sourcecode.cpp.cpp; path = ATM.cpp; sourceTree = "<group>"; };
		A369C5D818F40B7F0000CF09 /* ATM.h */ = {isa = PBXFileReference; fileEncoding = 4; lastKnownFileType = sourcecode.c.h; path = ATM.h; sourceTree = "<group>"; };
		A3B1F98A18FEFCCE00DA0C90 /* Messaging.cpp */ = {isa = PBXFileReference; fileEncoding = 4; lastKnownFileType = sourcecode.cpp.cpp; path = Messaging.cpp; sourceTree = "<group>"; };
		A3B1F98B18FEFCCE00DA0C90 /* Messaging.h */ = {isa = PBXFileReference; fileEncoding = 4; lastKnownFileType = sourcecode.c.h; path = Messaging.h; sourceTree = "<group>"; };
		A3B1F98D18FEFD0700DA0C90 /* Context.cpp */ = {isa = PBXFileReference; fileEncoding = 4; lastKnownFileType = sourcecode.cpp.cpp; path = Context.cpp; sourceTree = "<group>"; };
		A3B1F98E18FEFD0700DA0C90 /* Context.h */ = {isa = PBXFileReference; fileEncoding = 4; lastKnownFileType = sourcecode.c.h; path = Context.h; sourceTree = "<group>"; };
		A3B1F99018FEFD3600DA0C90 /* Exception.cpp */ = {isa = PBXFileReference; fileEncoding = 4; lastKnownFileType = sourcecode.cpp.cpp; path = Exception.cpp; sourceTree = "<group>"; };
		A3B1F99118FEFD3600DA0C90 /* Exception.h */ = {isa = PBXFileReference; fileEncoding = 4; lastKnownFileType = sourcecode.c.h; path = Exception.h; sourceTree = "<group>"; };
		A3B1F99318FEFDA100DA0C90 /* Message.cpp */ = {isa = PBXFileReference; fileEncoding = 4; lastKnownFileType = sourcecode.cpp.cpp; path = Message.cpp; sourceTree = "<group>"; };
		A3B1F99418FEFDA100DA0C90 /* Message.h */ = {isa = PBXFileReference; fileEncoding = 4; lastKnownFileType = sourcecode.c.h; path = Message.h; sourceTree = "<group>"; };
		A3B1F99618FEFDEA00DA0C90 /* Socket.cpp */ = {isa = PBXFileReference; fileEncoding = 4; lastKnownFileType = sourcecode.cpp.cpp; path = Socket.cpp; sourceTree = "<group>"; };
		A3B1F99718FEFDEA00DA0C90 /* Socket.h */ = {isa = PBXFileReference; fileEncoding = 4; lastKnownFileType = sourcecode.c.h; path = Socket.h; sourceTree = "<group>"; };
		A3B1F99918FEFEAF00DA0C90 /* ISerialisable.cpp */ = {isa = PBXFileReference; fileEncoding = 4; lastKnownFileType = sourcecode.cpp.cpp; path = ISerialisable.cpp; sourceTree = "<group>"; };
		A3B1F99A18FEFEAF00DA0C90 /* ISerialisable.h */ = {isa = PBXFileReference; fileEncoding = 4; lastKnownFileType = sourcecode.c.h; path = ISerialisable.h; sourceTree = "<group>"; };
		A3B1F99C18FF00E500DA0C90 /* MessageIterator.cpp */ = {isa = PBXFileReference; fileEncoding = 4; lastKnownFileType = sourcecode.cpp.cpp; path = MessageIterator.cpp; sourceTree = "<group>"; };
		A3B1F99D18FF00E500DA0C90 /* MessageIterator.h */ = {isa = PBXFileReference; fileEncoding = 4; lastKnownFileType = sourcecode.c.h; path = MessageIterator.h; sourceTree = "<group>"; };
		A3B1F99F18FF018500DA0C90 /* Dispatcher.cpp */ = {isa = PBXFileReference; fileEncoding = 4; lastKnownFileType = sourcecode.cpp.cpp; path = Dispatcher.cpp; sourceTree = "<group>"; };
		A3B1F9A018FF018500DA0C90 /* Dispatcher.h */ = {isa = PBXFileReference; fileEncoding = 4; lastKnownFileType = sourcecode.c.h; path = Dispatcher.h; sourceTree = "<group>"; };
		A3B1F9A218FF01CE00DA0C90 /* NilFactory.cpp */ = {isa = PBXFileReference; fileEncoding = 4; lastKnownFileType = sourcecode.cpp.cpp; path = NilFactory.cpp; sourceTree = "<group>"; };
		A3B1F9A318FF01CE00DA0C90 /* NilFactory.h */ = {isa = PBXFileReference; fileEncoding = 4; lastKnownFileType = sourcecode.c.h; path = NilFactory.h; sourceTree = "<group>"; };
		A3B1F9A518FF024F00DA0C90 /* WithdrawlRequest.cpp */ = {isa = PBXFileReference; fileEncoding = 4; lastKnownFileType = sourcecode.cpp.cpp; path = WithdrawlRequest.cpp; sourceTree = "<group>"; };
		A3B1F9A618FF024F00DA0C90 /* WithdrawlRequest.h */ = {isa = PBXFileReference; fileEncoding = 4; lastKnownFileType = sourcecode.c.h; path = WithdrawlRequest.h; sourceTree = "<group>"; };
/* End PBXFileReference section */

/* Begin PBXFrameworksBuildPhase section */
		A369C5C518F40A7F0000CF09 /* Frameworks */ = {
			isa = PBXFrameworksBuildPhase;
			buildActionMask = 2147483647;
			files = (
			);
			runOnlyForDeploymentPostprocessing = 0;
		};
/* End PBXFrameworksBuildPhase section */

/* Begin PBXGroup section */
		A369C5BF18F40A7F0000CF09 = {
			isa = PBXGroup;
			children = (
				A3B1F98918FEFC6E00DA0C90 /* Messaging */,
				A369C5D518F40AE50000CF09 /* main.cpp */,
				A369C5D418F40AA40000CF09 /* Classes */,
				A369C5C918F40A7F0000CF09 /* Products */,
			);
			sourceTree = "<group>";
		};
		A369C5C918F40A7F0000CF09 /* Products */ = {
			isa = PBXGroup;
			children = (
				A369C5C818F40A7F0000CF09 /* ATM */,
			);
			name = Products;
			sourceTree = "<group>";
		};
		A369C5D418F40AA40000CF09 /* Classes */ = {
			isa = PBXGroup;
			children = (
				A369C5D718F40B7F0000CF09 /* ATM.cpp */,
				A369C5D818F40B7F0000CF09 /* ATM.h */,
				A3B1F9A518FF024F00DA0C90 /* WithdrawlRequest.cpp */,
				A3B1F9A618FF024F00DA0C90 /* WithdrawlRequest.h */,
			);
			path = Classes;
			sourceTree = "<group>";
		};
		A3B1F98918FEFC6E00DA0C90 /* Messaging */ = {
			isa = PBXGroup;
			children = (
				A3B1F98A18FEFCCE00DA0C90 /* Messaging.cpp */,
				A3B1F98B18FEFCCE00DA0C90 /* Messaging.h */,
				A3B1F99F18FF018500DA0C90 /* Dispatcher.cpp */,
				A3B1F9A018FF018500DA0C90 /* Dispatcher.h */,
				A3B1F99918FEFEAF00DA0C90 /* ISerialisable.cpp */,
				A3B1F99A18FEFEAF00DA0C90 /* ISerialisable.h */,
				A3B1F99318FEFDA100DA0C90 /* Message.cpp */,
				A3B1F99418FEFDA100DA0C90 /* Message.h */,
				A3B1F99C18FF00E500DA0C90 /* MessageIterator.cpp */,
				A3B1F99D18FF00E500DA0C90 /* MessageIterator.h */,
				A3B1F99018FEFD3600DA0C90 /* Exception.cpp */,
				A3B1F99118FEFD3600DA0C90 /* Exception.h */,
				A3B1F9A218FF01CE00DA0C90 /* NilFactory.cpp */,
				A3B1F9A318FF01CE00DA0C90 /* NilFactory.h */,
				A3B1F98D18FEFD0700DA0C90 /* Context.cpp */,
				A3B1F98E18FEFD0700DA0C90 /* Context.h */,
				A3B1F99618FEFDEA00DA0C90 /* Socket.cpp */,
				A3B1F99718FEFDEA00DA0C90 /* Socket.h */,
			);
			path = Messaging;
			sourceTree = "<group>";
		};
/* End PBXGroup section */

/* Begin PBXNativeTarget section */
		A369C5C718F40A7F0000CF09 /* ATM */ = {
			isa = PBXNativeTarget;
			buildConfigurationList = A369C5D118F40A7F0000CF09 /* Build configuration list for PBXNativeTarget "ATM" */;
			buildPhases = (
				A369C5C418F40A7F0000CF09 /* Sources */,
				A369C5C518F40A7F0000CF09 /* Frameworks */,
				A369C5C618F40A7F0000CF09 /* CopyFiles */,
			);
			buildRules = (
			);
			dependencies = (
			);
			name = ATM;
			productName = ATM;
			productReference = A369C5C818F40A7F0000CF09 /* ATM */;
			productType = "com.apple.product-type.tool";
		};
/* End PBXNativeTarget section */

/* Begin PBXProject section */
		A369C5C018F40A7F0000CF09 /* Project object */ = {
			isa = PBXProject;
			attributes = {
				LastUpgradeCheck = 0500;
				ORGANIZATIONNAME = "Replicated Solutions Limited";
			};
			buildConfigurationList = A369C5C318F40A7F0000CF09 /* Build configuration list for PBXProject "ATM" */;
			compatibilityVersion = "Xcode 3.2";
			developmentRegion = English;
			hasScannedForEncodings = 0;
			knownRegions = (
				en,
			);
			mainGroup = A369C5BF18F40A7F0000CF09;
			productRefGroup = A369C5C918F40A7F0000CF09 /* Products */;
			projectDirPath = "";
			projectRoot = "";
			targets = (
				A369C5C718F40A7F0000CF09 /* ATM */,
			);
		};
/* End PBXProject section */

/* Begin PBXSourcesBuildPhase section */
		A369C5C418F40A7F0000CF09 /* Sources */ = {
			isa = PBXSourcesBuildPhase;
			buildActionMask = 2147483647;
			files = (
				A3B1F98C18FEFCCE00DA0C90 /* Messaging.cpp in Sources */,
				A3B1F99818FEFDEA00DA0C90 /* Socket.cpp in Sources */,
				A3B1F9A118FF018500DA0C90 /* Dispatcher.cpp in Sources */,
				A3B1F9A418FF01CE00DA0C90 /* NilFactory.cpp in Sources */,
				A3B1F98F18FEFD0700DA0C90 /* Context.cpp in Sources */,
				A3B1F99B18FEFEAF00DA0C90 /* ISerialisable.cpp in Sources */,
				A369C5D918F40B7F0000CF09 /* ATM.cpp in Sources */,
				A3B1F99218FEFD3600DA0C90 /* Exception.cpp in Sources */,
				A3B1F9A718FF024F00DA0C90 /* WithdrawlRequest.cpp in Sources */,
				A3B1F99E18FF00E500DA0C90 /* MessageIterator.cpp in Sources */,
				A369C5D618F40AE50000CF09 /* main.cpp in Sources */,
				A3B1F99518FEFDA100DA0C90 /* Message.cpp in Sources */,
			);
			runOnlyForDeploymentPostprocessing = 0;
		};
/* End PBXSourcesBuildPhase section */

/* Begin XCBuildConfiguration section */
		A369C5CF18F40A7F0000CF09 /* Debug */ = {
			isa = XCBuildConfiguration;
			buildSettings = {
				ALWAYS_SEARCH_USER_PATHS = NO;
				CLANG_CXX_LANGUAGE_STANDARD = "gnu++0x";
				CLANG_CXX_LIBRARY = "libc++";
				CLANG_ENABLE_OBJC_ARC = YES;
				CLANG_WARN_BOOL_CONVERSION = YES;
				CLANG_WARN_CONSTANT_CONVERSION = YES;
				CLANG_WARN_DIRECT_OBJC_ISA_USAGE = YES_ERROR;
				CLANG_WARN_EMPTY_BODY = YES;
				CLANG_WARN_ENUM_CONVERSION = YES;
				CLANG_WARN_INT_CONVERSION = YES;
				CLANG_WARN_OBJC_ROOT_CLASS = YES_ERROR;
				CLANG_WARN__DUPLICATE_METHOD_MATCH = YES;
				COPY_PHASE_STRIP = NO;
				GCC_C_LANGUAGE_STANDARD = gnu99;
				GCC_DYNAMIC_NO_PIC = NO;
				GCC_ENABLE_OBJC_EXCEPTIONS = YES;
				GCC_OPTIMIZATION_LEVEL = 0;
				GCC_PREPROCESSOR_DEFINITIONS = (
					"DEBUG=1",
					"$(inherited)",
				);
				GCC_SYMBOLS_PRIVATE_EXTERN = NO;
				GCC_WARN_64_TO_32_BIT_CONVERSION = YES;
				GCC_WARN_ABOUT_RETURN_TYPE = YES_ERROR;
				GCC_WARN_UNDECLARED_SELECTOR = YES;
				GCC_WARN_UNINITIALIZED_AUTOS = YES;
				GCC_WARN_UNUSED_FUNCTION = YES;
				GCC_WARN_UNUSED_VARIABLE = YES;
				LIBRARY_SEARCH_PATHS = /usr/local/lib;
				MACOSX_DEPLOYMENT_TARGET = 10.9;
				ONLY_ACTIVE_ARCH = YES;
				OTHER_LDFLAGS = "-lzmq";
				SDKROOT = macosx;
			};
			name = Debug;
		};
		A369C5D018F40A7F0000CF09 /* Release */ = {
			isa = XCBuildConfiguration;
			buildSettings = {
				ALWAYS_SEARCH_USER_PATHS = NO;
				CLANG_CXX_LANGUAGE_STANDARD = "gnu++0x";
				CLANG_CXX_LIBRARY = "libc++";
				CLANG_ENABLE_OBJC_ARC = YES;
				CLANG_WARN_BOOL_CONVERSION = YES;
				CLANG_WARN_CONSTANT_CONVERSION = YES;
				CLANG_WARN_DIRECT_OBJC_ISA_USAGE = YES_ERROR;
				CLANG_WARN_EMPTY_BODY = YES;
				CLANG_WARN_ENUM_CONVERSION = YES;
				CLANG_WARN_INT_CONVERSION = YES;
				CLANG_WARN_OBJC_ROOT_CLASS = YES_ERROR;
				CLANG_WARN__DUPLICATE_METHOD_MATCH = YES;
				COPY_PHASE_STRIP = YES;
				DEBUG_INFORMATION_FORMAT = "dwarf-with-dsym";
				ENABLE_NS_ASSERTIONS = NO;
				GCC_C_LANGUAGE_STANDARD = gnu99;
				GCC_ENABLE_OBJC_EXCEPTIONS = YES;
				GCC_WARN_64_TO_32_BIT_CONVERSION = YES;
				GCC_WARN_ABOUT_RETURN_TYPE = YES_ERROR;
				GCC_WARN_UNDECLARED_SELECTOR = YES;
				GCC_WARN_UNINITIALIZED_AUTOS = YES;
				GCC_WARN_UNUSED_FUNCTION = YES;
				GCC_WARN_UNUSED_VARIABLE = YES;
				LIBRARY_SEARCH_PATHS = /usr/local/lib;
				MACOSX_DEPLOYMENT_TARGET = 10.9;
				OTHER_LDFLAGS = "-lzmq";
				SDKROOT = macosx;
			};
			name = Release;
		};
		A369C5D218F40A7F0000CF09 /* Debug */ = {
			isa = XCBuildConfiguration;
			buildSettings = {
				HEADER_SEARCH_PATHS = (
					"$(inherited)",
					/Applications/Xcode.app/Contents/Developer/Toolchains/XcodeDefault.xctoolchain/usr/include,
					../libzmq/include,
				);
				PRODUCT_NAME = "$(TARGET_NAME)";
			};
			name = Debug;
		};
		A369C5D318F40A7F0000CF09 /* Release */ = {
			isa = XCBuildConfiguration;
			buildSettings = {
				HEADER_SEARCH_PATHS = (
					"$(inherited)",
					/Applications/Xcode.app/Contents/Developer/Toolchains/XcodeDefault.xctoolchain/usr/include,
					../libzmq/include,
				);
				PRODUCT_NAME = "$(TARGET_NAME)";
			};
			name = Release;
		};
/* End XCBuildConfiguration section */

/* Begin XCConfigurationList section */
		A369C5C318F40A7F0000CF09 /* Build configuration list for PBXProject "ATM" */ = {
			isa = XCConfigurationList;
			buildConfigurations = (
				A369C5CF18F40A7F0000CF09 /* Debug */,
				A369C5D018F40A7F0000CF09 /* Release */,
			);
			defaultConfigurationIsVisible = 0;
			defaultConfigurationName = Release;
		};
		A369C5D118F40A7F0000CF09 /* Build configuration list for PBXNativeTarget "ATM" */ = {
			isa = XCConfigurationList;
			buildConfigurations = (
				A369C5D218F40A7F0000CF09 /* Debug */,
				A369C5D318F40A7F0000CF09 /* Release */,
			);
			defaultConfigurationIsVisible = 0;
			defaultConfigurationName = Release;
		};
/* End XCConfigurationList section */
	};
	rootObject = A369C5C018F40A7F0000CF09 /* Project object */;
}
