// !$*UTF8*$!
{
	archiveVersion = 1;
	classes = {
	};
	objectVersion = 46;
	objects = {

/* Begin PBXBuildFile section */
		A30B45BC19053CA50058F066 /* FrameSpec.cpp in Sources */ = {isa = PBXBuildFile; fileRef = A30B45BB19053CA50058F066 /* FrameSpec.cpp */; };
		A30B45BF19053CDC0058F066 /* Frame.cpp in Sources */ = {isa = PBXBuildFile; fileRef = A30B45BD19053CDC0058F066 /* Frame.cpp */; };
		A30B45C119055BBD0058F066 /* MessageSpec.cpp in Sources */ = {isa = PBXBuildFile; fileRef = A30B45C019055BBD0058F066 /* MessageSpec.cpp */; };
		A30B45C419055BEB0058F066 /* Message.cpp in Sources */ = {isa = PBXBuildFile; fileRef = A30B45C219055BEB0058F066 /* Message.cpp */; };
		A30B45C719055FA20058F066 /* Exception.cpp in Sources */ = {isa = PBXBuildFile; fileRef = A30B45C519055FA20058F066 /* Exception.cpp */; };
		A30B45C919057FB30058F066 /* PollerSpec.cpp in Sources */ = {isa = PBXBuildFile; fileRef = A30B45C819057FB30058F066 /* PollerSpec.cpp */; };
		A30B45CC19057FFA0058F066 /* Poller.cpp in Sources */ = {isa = PBXBuildFile; fileRef = A30B45CA19057FFA0058F066 /* Poller.cpp */; };
		A30D88C4191E46FA00BE1879 /* notifications.xml in Sources */ = {isa = PBXBuildFile; fileRef = A3A28C65191D2EFE008E9EEE /* notifications.xml */; };
		A30D88CB191FB54100BE1879 /* StreamServer.cpp in Sources */ = {isa = PBXBuildFile; fileRef = A30D88C9191FB54100BE1879 /* StreamServer.cpp */; };
		A3672F77190A615E00F9EE5E /* ReactorSpec.cpp in Sources */ = {isa = PBXBuildFile; fileRef = A3672F76190A615E00F9EE5E /* ReactorSpec.cpp */; };
		A3672F7A190A618D00F9EE5E /* Reactor.cpp in Sources */ = {isa = PBXBuildFile; fileRef = A3672F78190A618D00F9EE5E /* Reactor.cpp */; };
		A3672F7C190A754500F9EE5E /* ProxySpec.cpp in Sources */ = {isa = PBXBuildFile; fileRef = A3672F7B190A754500F9EE5E /* ProxySpec.cpp */; };
		A3672F7F190A758200F9EE5E /* Proxy.cpp in Sources */ = {isa = PBXBuildFile; fileRef = A3672F7D190A758200F9EE5E /* Proxy.cpp */; };
		A36EDD951917F26500AD7925 /* PeerSpec.cpp in Sources */ = {isa = PBXBuildFile; fileRef = A36EDD941917F26500AD7925 /* PeerSpec.cpp */; };
		A36EDD9B191AA0FE00AD7925 /* PubSubMultipartSpec.cpp in Sources */ = {isa = PBXBuildFile; fileRef = A36EDD9A191AA0FE00AD7925 /* PubSubMultipartSpec.cpp */; };
		A3A28C6B191D3DDA008E9EEE /* StreamProtocol.cpp in Sources */ = {isa = PBXBuildFile; fileRef = A3A28C69191D3DDA008E9EEE /* StreamProtocol.cpp */; };
		A3A28C6D191D4261008E9EEE /* StreamProtocolSpec.cpp in Sources */ = {isa = PBXBuildFile; fileRef = A3A28C6C191D4261008E9EEE /* StreamProtocolSpec.cpp */; };
		A3A28C72191E4697008E9EEE /* stream.xml in Sources */ = {isa = PBXBuildFile; fileRef = A3A28C68191D3834008E9EEE /* stream.xml */; };
		A3B1F9DB19016AC700DA0C90 /* main.cpp in Sources */ = {isa = PBXBuildFile; fileRef = A3B1F9DA19016AC700DA0C90 /* main.cpp */; };
		A3B1F9DD19016B1D00DA0C90 /* ContextSpec.cpp in Sources */ = {isa = PBXBuildFile; fileRef = A3B1F9DC19016B1D00DA0C90 /* ContextSpec.cpp */; };
		A3B1F9E019016C4000DA0C90 /* Context.cpp in Sources */ = {isa = PBXBuildFile; fileRef = A3B1F9DE19016C4000DA0C90 /* Context.cpp */; };
		A3B1F9E219052FD300DA0C90 /* SocketSpec.cpp in Sources */ = {isa = PBXBuildFile; fileRef = A3B1F9E119052FD300DA0C90 /* SocketSpec.cpp */; };
		A3B1F9E51905300600DA0C90 /* Socket.cpp in Sources */ = {isa = PBXBuildFile; fileRef = A3B1F9E31905300600DA0C90 /* Socket.cpp */; };
		A3FC916A191AACF900726D01 /* SingleVsMultiPartSpec.cpp in Sources */ = {isa = PBXBuildFile; fileRef = A3FC9169191AACF900726D01 /* SingleVsMultiPartSpec.cpp */; };
/* End PBXBuildFile section */

/* Begin PBXBuildRule section */
		A30D88C6191E66CE00BE1879 /* PBXBuildRule */ = {
			isa = PBXBuildRule;
			compilerSpec = com.apple.compilers.proxy.script;
			filePatterns = "*.xml";
			fileType = pattern.proxy;
			isEditable = 1;
			outputFiles = (
				"$(INPUT_FILE_DIR)/$(INPUT_FILE_BASE).md",
			);
			script = "\n\nerrors=`/usr/local/bin/gsl -q -script:${INPUT_FILE_DIR}/specs.gsl -a ${INPUT_FILE_PATH} ${SCRIPT_OUTPUT_FILE_0} 2>&1 | sed -E -n 's#[0-9]+/[0-9]+/[0-9]+[ ][0-9]+:[0-9]+:[0-9]+:[ ]\\(*([^g][^s][^l].*)[ ]+([0-9]+):*\\)*(.*)#'${INPUT_FILE_DIR}'/\\1:\\2: \\3#p'`\nif [ \"$errors\" ]; then\n    echo \"$errors\"\n    exit 1\nfi\n\n";
		};
/* End PBXBuildRule section */

/* Begin PBXCopyFilesBuildPhase section */
		A3B1F9CA190168EA00DA0C90 /* CopyFiles */ = {
			isa = PBXCopyFilesBuildPhase;
			buildActionMask = 2147483647;
			dstPath = /usr/share/man/man1/;
			dstSubfolderSpec = 0;
			files = (
			);
			runOnlyForDeploymentPostprocessing = 1;
		};
/* End PBXCopyFilesBuildPhase section */

/* Begin PBXFileReference section */
		A30B45BB19053CA50058F066 /* FrameSpec.cpp */ = {isa = PBXFileReference; fileEncoding = 4; lastKnownFileType = sourcecode.cpp.cpp; path = FrameSpec.cpp; sourceTree = "<group>"; };
		A30B45BD19053CDC0058F066 /* Frame.cpp */ = {isa = PBXFileReference; fileEncoding = 4; lastKnownFileType = sourcecode.cpp.cpp; path = Frame.cpp; sourceTree = "<group>"; };
		A30B45BE19053CDC0058F066 /* Frame.h */ = {isa = PBXFileReference; fileEncoding = 4; lastKnownFileType = sourcecode.c.h; path = Frame.h; sourceTree = "<group>"; };
		A30B45C019055BBD0058F066 /* MessageSpec.cpp */ = {isa = PBXFileReference; fileEncoding = 4; lastKnownFileType = sourcecode.cpp.cpp; path = MessageSpec.cpp; sourceTree = "<group>"; };
		A30B45C219055BEB0058F066 /* Message.cpp */ = {isa = PBXFileReference; fileEncoding = 4; lastKnownFileType = sourcecode.cpp.cpp; path = Message.cpp; sourceTree = "<group>"; };
		A30B45C319055BEB0058F066 /* Message.h */ = {isa = PBXFileReference; fileEncoding = 4; lastKnownFileType = sourcecode.c.h; path = Message.h; sourceTree = "<group>"; };
		A30B45C519055FA20058F066 /* Exception.cpp */ = {isa = PBXFileReference; fileEncoding = 4; lastKnownFileType = sourcecode.cpp.cpp; path = Exception.cpp; sourceTree = "<group>"; };
		A30B45C619055FA20058F066 /* Exception.h */ = {isa = PBXFileReference; fileEncoding = 4; lastKnownFileType = sourcecode.c.h; path = Exception.h; sourceTree = "<group>"; };
		A30B45C819057FB30058F066 /* PollerSpec.cpp */ = {isa = PBXFileReference; fileEncoding = 4; lastKnownFileType = sourcecode.cpp.cpp; path = PollerSpec.cpp; sourceTree = "<group>"; };
		A30B45CA19057FFA0058F066 /* Poller.cpp */ = {isa = PBXFileReference; fileEncoding = 4; lastKnownFileType = sourcecode.cpp.cpp; path = Poller.cpp; sourceTree = "<group>"; };
		A30B45CB19057FFA0058F066 /* Poller.h */ = {isa = PBXFileReference; fileEncoding = 4; lastKnownFileType = sourcecode.c.h; path = Poller.h; sourceTree = "<group>"; };
		A30D88C7191E7BD700BE1879 /* stream.md */ = {isa = PBXFileReference; lastKnownFileType = text; path = stream.md; sourceTree = "<group>"; };
		A30D88C8191E7BD700BE1879 /* notifications.md */ = {isa = PBXFileReference; lastKnownFileType = text; path = notifications.md; sourceTree = "<group>"; };
		A30D88C9191FB54100BE1879 /* StreamServer.cpp */ = {isa = PBXFileReference; fileEncoding = 4; lastKnownFileType = sourcecode.cpp.cpp; path = StreamServer.cpp; sourceTree = "<group>"; };
		A30D88CA191FB54100BE1879 /* StreamServer.h */ = {isa = PBXFileReference; fileEncoding = 4; lastKnownFileType = sourcecode.c.h; path = StreamServer.h; sourceTree = "<group>"; };
		A3672F76190A615E00F9EE5E /* ReactorSpec.cpp */ = {isa = PBXFileReference; fileEncoding = 4; lastKnownFileType = sourcecode.cpp.cpp; path = ReactorSpec.cpp; sourceTree = "<group>"; };
		A3672F78190A618D00F9EE5E /* Reactor.cpp */ = {isa = PBXFileReference; fileEncoding = 4; lastKnownFileType = sourcecode.cpp.cpp; path = Reactor.cpp; sourceTree = "<group>"; };
		A3672F79190A618D00F9EE5E /* Reactor.h */ = {isa = PBXFileReference; fileEncoding = 4; lastKnownFileType = sourcecode.c.h; path = Reactor.h; sourceTree = "<group>"; };
		A3672F7B190A754500F9EE5E /* ProxySpec.cpp */ = {isa = PBXFileReference; fileEncoding = 4; lastKnownFileType = sourcecode.cpp.cpp; path = ProxySpec.cpp; sourceTree = "<group>"; };
		A3672F7D190A758200F9EE5E /* Proxy.cpp */ = {isa = PBXFileReference; fileEncoding = 4; lastKnownFileType = sourcecode.cpp.cpp; path = Proxy.cpp; sourceTree = "<group>"; };
		A3672F7E190A758200F9EE5E /* Proxy.h */ = {isa = PBXFileReference; fileEncoding = 4; lastKnownFileType = sourcecode.c.h; path = Proxy.h; sourceTree = "<group>"; };
		A36EDD941917F26500AD7925 /* PeerSpec.cpp */ = {isa = PBXFileReference; fileEncoding = 4; lastKnownFileType = sourcecode.cpp.cpp; path = PeerSpec.cpp; sourceTree = "<group>"; };
		A36EDD9A191AA0FE00AD7925 /* PubSubMultipartSpec.cpp */ = {isa = PBXFileReference; fileEncoding = 4; lastKnownFileType = sourcecode.cpp.cpp; path = PubSubMultipartSpec.cpp; sourceTree = "<group>"; };
		A3A28C65191D2EFE008E9EEE /* notifications.xml */ = {isa = PBXFileReference; lastKnownFileType = text.xml; path = notifications.xml; sourceTree = "<group>"; };
		A3A28C66191D2FB6008E9EEE /* specs.gsl */ = {isa = PBXFileReference; fileEncoding = 4; lastKnownFileType = text; path = specs.gsl; sourceTree = "<group>"; };
		A3A28C68191D3834008E9EEE /* stream.xml */ = {isa = PBXFileReference; fileEncoding = 4; lastKnownFileType = text.xml; path = stream.xml; sourceTree = "<group>"; };
		A3A28C69191D3DDA008E9EEE /* StreamProtocol.cpp */ = {isa = PBXFileReference; fileEncoding = 4; lastKnownFileType = sourcecode.cpp.cpp; path = StreamProtocol.cpp; sourceTree = "<group>"; };
		A3A28C6A191D3DDA008E9EEE /* StreamProtocol.h */ = {isa = PBXFileReference; fileEncoding = 4; lastKnownFileType = sourcecode.c.h; path = StreamProtocol.h; sourceTree = "<group>"; };
		A3A28C6C191D4261008E9EEE /* StreamProtocolSpec.cpp */ = {isa = PBXFileReference; fileEncoding = 4; lastKnownFileType = sourcecode.cpp.cpp; path = StreamProtocolSpec.cpp; sourceTree = "<group>"; };
		A3B1F9CC190168EA00DA0C90 /* Messaging */ = {isa = PBXFileReference; explicitFileType = "compiled.mach-o.executable"; includeInIndex = 0; path = Messaging; sourceTree = BUILT_PRODUCTS_DIR; };
		A3B1F9DA19016AC700DA0C90 /* main.cpp */ = {isa = PBXFileReference; fileEncoding = 4; lastKnownFileType = sourcecode.cpp.cpp; path = main.cpp; sourceTree = "<group>"; };
		A3B1F9DC19016B1D00DA0C90 /* ContextSpec.cpp */ = {isa = PBXFileReference; fileEncoding = 4; lastKnownFileType = sourcecode.cpp.cpp; path = ContextSpec.cpp; sourceTree = "<group>"; };
		A3B1F9DE19016C4000DA0C90 /* Context.cpp */ = {isa = PBXFileReference; fileEncoding = 4; lastKnownFileType = sourcecode.cpp.cpp; path = Context.cpp; sourceTree = "<group>"; };
		A3B1F9DF19016C4000DA0C90 /* Context.h */ = {isa = PBXFileReference; fileEncoding = 4; lastKnownFileType = sourcecode.c.h; path = Context.h; sourceTree = "<group>"; };
		A3B1F9E119052FD300DA0C90 /* SocketSpec.cpp */ = {isa = PBXFileReference; fileEncoding = 4; lastKnownFileType = sourcecode.cpp.cpp; path = SocketSpec.cpp; sourceTree = "<group>"; };
		A3B1F9E31905300600DA0C90 /* Socket.cpp */ = {isa = PBXFileReference; fileEncoding = 4; lastKnownFileType = sourcecode.cpp.cpp; path = Socket.cpp; sourceTree = "<group>"; };
		A3B1F9E41905300600DA0C90 /* Socket.h */ = {isa = PBXFileReference; fileEncoding = 4; lastKnownFileType = sourcecode.c.h; path = Socket.h; sourceTree = "<group>"; };
		A3FC9169191AACF900726D01 /* SingleVsMultiPartSpec.cpp */ = {isa = PBXFileReference; fileEncoding = 4; lastKnownFileType = sourcecode.cpp.cpp; path = SingleVsMultiPartSpec.cpp; sourceTree = "<group>"; };
/* End PBXFileReference section */

/* Begin PBXFrameworksBuildPhase section */
		A3B1F9C9190168EA00DA0C90 /* Frameworks */ = {
			isa = PBXFrameworksBuildPhase;
			buildActionMask = 2147483647;
			files = (
			);
			runOnlyForDeploymentPostprocessing = 0;
		};
/* End PBXFrameworksBuildPhase section */

/* Begin PBXGroup section */
		A3672F80190AA4F600F9EE5E /* Examples */ = {
			isa = PBXGroup;
			children = (
				A36EDD9A191AA0FE00AD7925 /* PubSubMultipartSpec.cpp */,
			);
			path = Examples;
			sourceTree = "<group>";
		};
		A36EDD931917ED9F00AD7925 /* Benchmark */ = {
			isa = PBXGroup;
			children = (
				A36EDD941917F26500AD7925 /* PeerSpec.cpp */,
				A3FC9169191AACF900726D01 /* SingleVsMultiPartSpec.cpp */,
			);
			path = Benchmark;
			sourceTree = "<group>";
		};
		A3A28C64191D2ECC008E9EEE /* GSL */ = {
			isa = PBXGroup;
			children = (
				A30D88C7191E7BD700BE1879 /* stream.md */,
				A30D88C8191E7BD700BE1879 /* notifications.md */,
				A3A28C65191D2EFE008E9EEE /* notifications.xml */,
				A3A28C68191D3834008E9EEE /* stream.xml */,
				A3A28C66191D2FB6008E9EEE /* specs.gsl */,
				A3A28C69191D3DDA008E9EEE /* StreamProtocol.cpp */,
				A3A28C6A191D3DDA008E9EEE /* StreamProtocol.h */,
				A3A28C6C191D4261008E9EEE /* StreamProtocolSpec.cpp */,
				A30D88C9191FB54100BE1879 /* StreamServer.cpp */,
				A30D88CA191FB54100BE1879 /* StreamServer.h */,
			);
			path = GSL;
			sourceTree = "<group>";
		};
		A3B1F9C3190168EA00DA0C90 = {
			isa = PBXGroup;
			children = (
				A3B1F9DA19016AC700DA0C90 /* main.cpp */,
				A3A28C64191D2ECC008E9EEE /* GSL */,
				A3B1F9D819016A5A00DA0C90 /* Classes */,
				A36EDD931917ED9F00AD7925 /* Benchmark */,
				A3672F80190AA4F600F9EE5E /* Examples */,
				A3B1F9D919016A6000DA0C90 /* Tests */,
				A3B1F9CD190168EA00DA0C90 /* Products */,
			);
			sourceTree = "<group>";
		};
		A3B1F9CD190168EA00DA0C90 /* Products */ = {
			isa = PBXGroup;
			children = (
				A3B1F9CC190168EA00DA0C90 /* Messaging */,
			);
			name = Products;
			sourceTree = "<group>";
		};
		A3B1F9D819016A5A00DA0C90 /* Classes */ = {
			isa = PBXGroup;
			children = (
				A3B1F9DE19016C4000DA0C90 /* Context.cpp */,
				A3B1F9DF19016C4000DA0C90 /* Context.h */,
				A30B45C519055FA20058F066 /* Exception.cpp */,
				A30B45C619055FA20058F066 /* Exception.h */,
				A30B45BD19053CDC0058F066 /* Frame.cpp */,
				A30B45BE19053CDC0058F066 /* Frame.h */,
				A30B45C219055BEB0058F066 /* Message.cpp */,
				A30B45C319055BEB0058F066 /* Message.h */,
				A30B45CA19057FFA0058F066 /* Poller.cpp */,
				A30B45CB19057FFA0058F066 /* Poller.h */,
				A3672F7D190A758200F9EE5E /* Proxy.cpp */,
				A3672F7E190A758200F9EE5E /* Proxy.h */,
				A3672F78190A618D00F9EE5E /* Reactor.cpp */,
				A3672F79190A618D00F9EE5E /* Reactor.h */,
				A3B1F9E31905300600DA0C90 /* Socket.cpp */,
				A3B1F9E41905300600DA0C90 /* Socket.h */,
			);
			path = Classes;
			sourceTree = "<group>";
		};
		A3B1F9D919016A6000DA0C90 /* Tests */ = {
			isa = PBXGroup;
			children = (
				A3B1F9DC19016B1D00DA0C90 /* ContextSpec.cpp */,
				A30B45BB19053CA50058F066 /* FrameSpec.cpp */,
				A30B45C019055BBD0058F066 /* MessageSpec.cpp */,
				A30B45C819057FB30058F066 /* PollerSpec.cpp */,
				A3672F7B190A754500F9EE5E /* ProxySpec.cpp */,
				A3672F76190A615E00F9EE5E /* ReactorSpec.cpp */,
				A3B1F9E119052FD300DA0C90 /* SocketSpec.cpp */,
			);
			path = Tests;
			sourceTree = "<group>";
		};
/* End PBXGroup section */

/* Begin PBXNativeTarget section */
		A3B1F9CB190168EA00DA0C90 /* Messaging */ = {
			isa = PBXNativeTarget;
			buildConfigurationList = A3B1F9D5190168EA00DA0C90 /* Build configuration list for PBXNativeTarget "Messaging" */;
			buildPhases = (
				A3B1F9C8190168EA00DA0C90 /* Sources */,
				A3B1F9C9190168EA00DA0C90 /* Frameworks */,
				A3B1F9CA190168EA00DA0C90 /* CopyFiles */,
			);
			buildRules = (
				A30D88C6191E66CE00BE1879 /* PBXBuildRule */,
			);
			dependencies = (
			);
			name = Messaging;
			productName = Messaging;
			productReference = A3B1F9CC190168EA00DA0C90 /* Messaging */;
			productType = "com.apple.product-type.tool";
		};
/* End PBXNativeTarget section */

/* Begin PBXProject section */
		A3B1F9C4190168EA00DA0C90 /* Project object */ = {
			isa = PBXProject;
			attributes = {
				LastUpgradeCheck = 0500;
				ORGANIZATIONNAME = "Replicated Solutions Limited";
			};
			buildConfigurationList = A3B1F9C7190168EA00DA0C90 /* Build configuration list for PBXProject "Messaging" */;
			compatibilityVersion = "Xcode 3.2";
			developmentRegion = English;
			hasScannedForEncodings = 0;
			knownRegions = (
				en,
			);
			mainGroup = A3B1F9C3190168EA00DA0C90;
			productRefGroup = A3B1F9CD190168EA00DA0C90 /* Products */;
			projectDirPath = "";
			projectRoot = "";
			targets = (
				A3B1F9CB190168EA00DA0C90 /* Messaging */,
			);
		};
/* End PBXProject section */

/* Begin PBXSourcesBuildPhase section */
		A3B1F9C8190168EA00DA0C90 /* Sources */ = {
			isa = PBXSourcesBuildPhase;
			buildActionMask = 2147483647;
			files = (
				A3B1F9E019016C4000DA0C90 /* Context.cpp in Sources */,
				A3B1F9DD19016B1D00DA0C90 /* ContextSpec.cpp in Sources */,
				A3B1F9DB19016AC700DA0C90 /* main.cpp in Sources */,
				A30B45C719055FA20058F066 /* Exception.cpp in Sources */,
				A30B45BF19053CDC0058F066 /* Frame.cpp in Sources */,
				A3672F7A190A618D00F9EE5E /* Reactor.cpp in Sources */,
				A30B45BC19053CA50058F066 /* FrameSpec.cpp in Sources */,
				A3672F7F190A758200F9EE5E /* Proxy.cpp in Sources */,
				A3B1F9E51905300600DA0C90 /* Socket.cpp in Sources */,
				A30B45C419055BEB0058F066 /* Message.cpp in Sources */,
				A3A28C6B191D3DDA008E9EEE /* StreamProtocol.cpp in Sources */,
				A30B45C119055BBD0058F066 /* MessageSpec.cpp in Sources */,
				A30D88CB191FB54100BE1879 /* StreamServer.cpp in Sources */,
				A30B45CC19057FFA0058F066 /* Poller.cpp in Sources */,
				A30B45C919057FB30058F066 /* PollerSpec.cpp in Sources */,
				A3672F77190A615E00F9EE5E /* ReactorSpec.cpp in Sources */,
				A3B1F9E219052FD300DA0C90 /* SocketSpec.cpp in Sources */,
				A3672F7C190A754500F9EE5E /* ProxySpec.cpp in Sources */,
				A36EDD951917F26500AD7925 /* PeerSpec.cpp in Sources */,
				A36EDD9B191AA0FE00AD7925 /* PubSubMultipartSpec.cpp in Sources */,
				A3FC916A191AACF900726D01 /* SingleVsMultiPartSpec.cpp in Sources */,
				A3A28C6D191D4261008E9EEE /* StreamProtocolSpec.cpp in Sources */,
				A3A28C72191E4697008E9EEE /* stream.xml in Sources */,
				A30D88C4191E46FA00BE1879 /* notifications.xml in Sources */,
			);
			runOnlyForDeploymentPostprocessing = 0;
		};
/* End PBXSourcesBuildPhase section */

/* Begin XCBuildConfiguration section */
		A3B1F9D3190168EA00DA0C90 /* Debug */ = {
			isa = XCBuildConfiguration;
			buildSettings = {
				ALWAYS_SEARCH_USER_PATHS = NO;
				CLANG_CXX_LANGUAGE_STANDARD = "gnu++0x";
				CLANG_CXX_LIBRARY = "libc++";
				CLANG_ENABLE_OBJC_ARC = YES;
				CLANG_WARN_BOOL_CONVERSION = YES;
				CLANG_WARN_CONSTANT_CONVERSION = YES;
				CLANG_WARN_DIRECT_OBJC_ISA_USAGE = YES_ERROR;
				CLANG_WARN_EMPTY_BODY = YES;
				CLANG_WARN_ENUM_CONVERSION = YES;
				CLANG_WARN_INT_CONVERSION = YES;
				CLANG_WARN_OBJC_ROOT_CLASS = YES_ERROR;
				CLANG_WARN__DUPLICATE_METHOD_MATCH = YES;
				COPY_PHASE_STRIP = NO;
				GCC_C_LANGUAGE_STANDARD = gnu99;
				GCC_DYNAMIC_NO_PIC = NO;
				GCC_ENABLE_OBJC_EXCEPTIONS = YES;
				GCC_OPTIMIZATION_LEVEL = 0;
				GCC_PREPROCESSOR_DEFINITIONS = (
					"DEBUG=1",
					"$(inherited)",
				);
				GCC_SYMBOLS_PRIVATE_EXTERN = NO;
				GCC_WARN_64_TO_32_BIT_CONVERSION = YES;
				GCC_WARN_ABOUT_RETURN_TYPE = YES_ERROR;
				GCC_WARN_UNDECLARED_SELECTOR = YES;
				GCC_WARN_UNINITIALIZED_AUTOS = YES;
				GCC_WARN_UNUSED_FUNCTION = YES;
				GCC_WARN_UNUSED_VARIABLE = YES;
				MACOSX_DEPLOYMENT_TARGET = 10.9;
				ONLY_ACTIVE_ARCH = YES;
				SDKROOT = macosx;
			};
			name = Debug;
		};
		A3B1F9D4190168EA00DA0C90 /* Release */ = {
			isa = XCBuildConfiguration;
			buildSettings = {
				ALWAYS_SEARCH_USER_PATHS = NO;
				CLANG_CXX_LANGUAGE_STANDARD = "gnu++0x";
				CLANG_CXX_LIBRARY = "libc++";
				CLANG_ENABLE_OBJC_ARC = YES;
				CLANG_WARN_BOOL_CONVERSION = YES;
				CLANG_WARN_CONSTANT_CONVERSION = YES;
				CLANG_WARN_DIRECT_OBJC_ISA_USAGE = YES_ERROR;
				CLANG_WARN_EMPTY_BODY = YES;
				CLANG_WARN_ENUM_CONVERSION = YES;
				CLANG_WARN_INT_CONVERSION = YES;
				CLANG_WARN_OBJC_ROOT_CLASS = YES_ERROR;
				CLANG_WARN__DUPLICATE_METHOD_MATCH = YES;
				COPY_PHASE_STRIP = YES;
				DEBUG_INFORMATION_FORMAT = "dwarf-with-dsym";
				ENABLE_NS_ASSERTIONS = NO;
				GCC_C_LANGUAGE_STANDARD = gnu99;
				GCC_ENABLE_OBJC_EXCEPTIONS = YES;
				GCC_WARN_64_TO_32_BIT_CONVERSION = YES;
				GCC_WARN_ABOUT_RETURN_TYPE = YES_ERROR;
				GCC_WARN_UNDECLARED_SELECTOR = YES;
				GCC_WARN_UNINITIALIZED_AUTOS = YES;
				GCC_WARN_UNUSED_FUNCTION = YES;
				GCC_WARN_UNUSED_VARIABLE = YES;
				MACOSX_DEPLOYMENT_TARGET = 10.9;
				SDKROOT = macosx;
			};
			name = Release;
		};
		A3B1F9D6190168EA00DA0C90 /* Debug */ = {
			isa = XCBuildConfiguration;
			buildSettings = {
				HEADER_SEARCH_PATHS = (
					"$(inherited)",
					/Applications/Xcode.app/Contents/Developer/Toolchains/XcodeDefault.xctoolchain/usr/include,
					../libzmq/include,
					../ZingBDD,
				);
				LIBRARY_SEARCH_PATHS = /usr/local/lib;
				OTHER_LDFLAGS = "-lzmq";
				PRODUCT_NAME = "$(TARGET_NAME)";
			};
			name = Debug;
		};
		A3B1F9D7190168EA00DA0C90 /* Release */ = {
			isa = XCBuildConfiguration;
			buildSettings = {
				HEADER_SEARCH_PATHS = (
					"$(inherited)",
					/Applications/Xcode.app/Contents/Developer/Toolchains/XcodeDefault.xctoolchain/usr/include,
					../libzmq/include,
					../ZingBDD,
				);
				LIBRARY_SEARCH_PATHS = /usr/local/lib;
				OTHER_LDFLAGS = "-lzmq";
				PRODUCT_NAME = "$(TARGET_NAME)";
			};
			name = Release;
		};
/* End XCBuildConfiguration section */

/* Begin XCConfigurationList section */
		A3B1F9C7190168EA00DA0C90 /* Build configuration list for PBXProject "Messaging" */ = {
			isa = XCConfigurationList;
			buildConfigurations = (
				A3B1F9D3190168EA00DA0C90 /* Debug */,
				A3B1F9D4190168EA00DA0C90 /* Release */,
			);
			defaultConfigurationIsVisible = 0;
			defaultConfigurationName = Release;
		};
		A3B1F9D5190168EA00DA0C90 /* Build configuration list for PBXNativeTarget "Messaging" */ = {
			isa = XCConfigurationList;
			buildConfigurations = (
				A3B1F9D6190168EA00DA0C90 /* Debug */,
				A3B1F9D7190168EA00DA0C90 /* Release */,
			);
			defaultConfigurationIsVisible = 0;
			defaultConfigurationName = Release;
		};
/* End XCConfigurationList section */
	};
	rootObject = A3B1F9C4190168EA00DA0C90 /* Project object */;
}
